
Microsoft Visual Studio Solution File, Format Version 12.00
# Visual Studio Version 17
VisualStudioVersion = 17.6.33815.320
MinimumVisualStudioVersion = 10.0.40219.1
Project("{FAE04EC0-301F-11D3-BF4B-00C04F79EFBC}") = "ConsoleUIElements", "ConsoleUIElements\ConsoleUIElements.csproj", "{BC2A4E99-2E66-426F-949E-5F3ADEDBA7B0}"
EndProject
Global
	GlobalSection(SolutionConfigurationPlatforms) = preSolution
		Debug|Any CPU = Debug|Any CPU
		Release|Any CPU = Release|Any CPU
	EndGlobalSection
	GlobalSection(ProjectConfigurationPlatforms) = postSolution
		{BC2A4E99-2E66-426F-949E-5F3ADEDBA7B0}.Debug|Any CPU.ActiveCfg = Debug|Any CPU
		{BC2A4E99-2E66-426F-949E-5F3ADEDBA7B0}.Debug|Any CPU.Build.0 = Debug|Any CPU
		{BC2A4E99-2E66-426F-949E-5F3ADEDBA7B0}.Release|Any CPU.ActiveCfg = Release|Any CPU
		{BC2A4E99-2E66-426F-949E-5F3ADEDBA7B0}.Release|Any CPU.Build.0 = Release|Any CPU
	EndGlobalSection
	GlobalSection(SolutionProperties) = preSolution
		HideSolutionNode = FALSE
	EndGlobalSection
	GlobalSection(ExtensibilityGlobals) = postSolution
		SolutionGuid = {5AFB790C-F420-477C-A0AE-B756512D491A}
	EndGlobalSection
EndGlobal
